
Microsoft Visual Studio Solution File, Format Version 12.00
# Visual Studio 15
Project("{FAE04EC0-301F-11D3-BF4B-00C04F79EFBC}") = "glfw-sharp", "glfw-sharp.csproj", "{DC1F55C5-D644-4CA6-B81A-5ACCCE498125}"
EndProject
Global
	GlobalSection(SolutionConfigurationPlatforms) = preSolution
		Debug|Any CPU = Debug|Any CPU
		Release|Any CPU = Release|Any CPU
	EndGlobalSection
	GlobalSection(ProjectConfigurationPlatforms) = postSolution
		{DC1F55C5-D644-4CA6-B81A-5ACCCE498125}.Debug|Any CPU.ActiveCfg = Debug|Any CPU
		{DC1F55C5-D644-4CA6-B81A-5ACCCE498125}.Debug|Any CPU.Build.0 = Debug|Any CPU
		{DC1F55C5-D644-4CA6-B81A-5ACCCE498125}.Release|Any CPU.ActiveCfg = Release|Any CPU
		{DC1F55C5-D644-4CA6-B81A-5ACCCE498125}.Release|Any CPU.Build.0 = Release|Any CPU
	EndGlobalSection
EndGlobal
